
Microsoft Visual Studio Solution File, Format Version 12.00
# Visual Studio Version 17
VisualStudioVersion = 17.14.36202.13
MinimumVisualStudioVersion = 10.0.40219.1
Project("{2150E333-8FDC-42A3-9474-1A3956D46DE8}") = "Services", "Services", "{02EA681E-C7D8-13C7-8484-4AC65E1B71E8}"
EndProject
Project("{2150E333-8FDC-42A3-9474-1A3956D46DE8}") = "Catalog", "Catalog", "{AAB307B6-6B29-49B3-A479-697D0D8153EE}"
EndProject
Project("{FAE04EC0-301F-11D3-BF4B-00C04F79EFBC}") = "Catalog.Api", "Services\Catalog\Catalog.Api\Catalog.Api.csproj", "{FA4D659C-AC21-4E40-ACC4-31C2C7944E32}"
EndProject
Project("{2150E333-8FDC-42A3-9474-1A3956D46DE8}") = "BuildingBlocks", "BuildingBlocks", "{E2D55608-F5B2-46A7-AB13-3A35D776D596}"
EndProject
Project("{FAE04EC0-301F-11D3-BF4B-00C04F79EFBC}") = "BuildingBlocks", "BuildingBlocks\BuildingBlocks\BuildingBlocks.csproj", "{4E072B8F-81E7-4D07-B25D-E5BCAAACF98C}"
EndProject
Project("{E53339B2-1760-4266-BCC7-CA923CBCF16C}") = "docker-compose", "docker-compose.dcproj", "{81DDED9D-158B-E303-5F62-77A2896D2A5A}"
EndProject
Global
	GlobalSection(SolutionConfigurationPlatforms) = preSolution
		Debug|Any CPU = Debug|Any CPU
		Release|Any CPU = Release|Any CPU
	EndGlobalSection
	GlobalSection(ProjectConfigurationPlatforms) = postSolution
		{FA4D659C-AC21-4E40-ACC4-31C2C7944E32}.Debug|Any CPU.ActiveCfg = Debug|Any CPU
		{FA4D659C-AC21-4E40-ACC4-31C2C7944E32}.Debug|Any CPU.Build.0 = Debug|Any CPU
		{FA4D659C-AC21-4E40-ACC4-31C2C7944E32}.Release|Any CPU.ActiveCfg = Release|Any CPU
		{FA4D659C-AC21-4E40-ACC4-31C2C7944E32}.Release|Any CPU.Build.0 = Release|Any CPU
		{4E072B8F-81E7-4D07-B25D-E5BCAAACF98C}.Debug|Any CPU.ActiveCfg = Debug|Any CPU
		{4E072B8F-81E7-4D07-B25D-E5BCAAACF98C}.Debug|Any CPU.Build.0 = Debug|Any CPU
		{4E072B8F-81E7-4D07-B25D-E5BCAAACF98C}.Release|Any CPU.ActiveCfg = Release|Any CPU
		{4E072B8F-81E7-4D07-B25D-E5BCAAACF98C}.Release|Any CPU.Build.0 = Release|Any CPU
		{81DDED9D-158B-E303-5F62-77A2896D2A5A}.Debug|Any CPU.ActiveCfg = Debug|Any CPU
		{81DDED9D-158B-E303-5F62-77A2896D2A5A}.Debug|Any CPU.Build.0 = Debug|Any CPU
		{81DDED9D-158B-E303-5F62-77A2896D2A5A}.Release|Any CPU.ActiveCfg = Release|Any CPU
		{81DDED9D-158B-E303-5F62-77A2896D2A5A}.Release|Any CPU.Build.0 = Release|Any CPU
	EndGlobalSection
	GlobalSection(SolutionProperties) = preSolution
		HideSolutionNode = FALSE
	EndGlobalSection
	GlobalSection(NestedProjects) = preSolution
		{AAB307B6-6B29-49B3-A479-697D0D8153EE} = {02EA681E-C7D8-13C7-8484-4AC65E1B71E8}
		{FA4D659C-AC21-4E40-ACC4-31C2C7944E32} = {AAB307B6-6B29-49B3-A479-697D0D8153EE}
		{4E072B8F-81E7-4D07-B25D-E5BCAAACF98C} = {E2D55608-F5B2-46A7-AB13-3A35D776D596}
	EndGlobalSection
	GlobalSection(ExtensibilityGlobals) = postSolution
		SolutionGuid = {1279B528-64F3-40F5-8A39-00848CB8DED9}
	EndGlobalSection
EndGlobal
