
Microsoft Visual Studio Solution File, Format Version 12.00
# Visual Studio Version 17
VisualStudioVersion = 17.14.36202.13
MinimumVisualStudioVersion = 10.0.40219.1
Project("{2150E333-8FDC-42A3-9474-1A3956D46DE8}") = "Services", "Services", "{02EA681E-C7D8-13C7-8484-4AC65E1B71E8}"
EndProject
Project("{2150E333-8FDC-42A3-9474-1A3956D46DE8}") = "Catalog", "Catalog", "{AAB307B6-6B29-49B3-A479-697D0D8153EE}"
EndProject
Project("{FAE04EC0-301F-11D3-BF4B-00C04F79EFBC}") = "Catalog.Api", "Services\Catalog\Catalog.Api\Catalog.Api.csproj", "{FA4D659C-AC21-4E40-ACC4-31C2C7944E32}"
EndProject
Project("{2150E333-8FDC-42A3-9474-1A3956D46DE8}") = "BuildingBlocks", "BuildingBlocks", "{E2D55608-F5B2-46A7-AB13-3A35D776D596}"
EndProject
Project("{FAE04EC0-301F-11D3-BF4B-00C04F79EFBC}") = "BuildingBlocks", "BuildingBlocks\BuildingBlocks\BuildingBlocks.csproj", "{4E072B8F-81E7-4D07-B25D-E5BCAAACF98C}"
EndProject
Project("{E53339B2-1760-4266-BCC7-CA923CBCF16C}") = "docker-compose", "docker-compose.dcproj", "{81DDED9D-158B-E303-5F62-77A2896D2A5A}"
EndProject
Project("{2150E333-8FDC-42A3-9474-1A3956D46DE8}") = "Basket", "Basket", "{4A6921FE-1156-4920-A19C-D8A2288D4227}"
EndProject
Project("{FAE04EC0-301F-11D3-BF4B-00C04F79EFBC}") = "Basket.Api", "Services\Basket\Basket.Api\Basket.Api.csproj", "{B002B144-FC66-44C1-876E-9686BBF5DEE1}"
EndProject
Project("{2150E333-8FDC-42A3-9474-1A3956D46DE8}") = "Discount", "Discount", "{C3493F06-5E05-4D54-8AD1-D8E500780FEF}"
EndProject
Project("{FAE04EC0-301F-11D3-BF4B-00C04F79EFBC}") = "Discount.Grpc", "Services\Discount\Discount.Grpc\Discount.Grpc.csproj", "{FD0BC391-6855-4398-BC4A-96C6776791C2}"
EndProject
Project("{2150E333-8FDC-42A3-9474-1A3956D46DE8}") = "Ordering", "Ordering", "{ABE0AE47-389D-4366-B531-C2303EEAB36C}"
EndProject
Project("{FAE04EC0-301F-11D3-BF4B-00C04F79EFBC}") = "Ordering.API", "Services\Ordering\Ordering.API\Ordering.API.csproj", "{9EECCE9B-80C5-4B9E-9BCE-198C746266C5}"
EndProject
Project("{FAE04EC0-301F-11D3-BF4B-00C04F79EFBC}") = "Ordering.Domain", "Services\Ordering\Ordering.Domain\Ordering.Domain.csproj", "{0FD4BD81-9A22-44EB-9187-88665B75A2EE}"
EndProject
Project("{FAE04EC0-301F-11D3-BF4B-00C04F79EFBC}") = "Ordering.Application", "Services\Ordering\Ordering.Application\Ordering.Application.csproj", "{9777F0EF-1015-4EC4-9CB4-430899CF34E7}"
EndProject
Project("{FAE04EC0-301F-11D3-BF4B-00C04F79EFBC}") = "Ordering.Infrastructure", "Services\Ordering\Ordering.Infrastructure\Ordering.Infrastructure.csproj", "{8B47FA29-517C-4A4C-9889-1B0C9B7597C7}"
EndProject
Project("{FAE04EC0-301F-11D3-BF4B-00C04F79EFBC}") = "BuildingBlocks.Messaging", "BuildingBlocks\BuildingBlocks.Messaging\BuildingBlocks.Messaging.csproj", "{A36F968E-5C9C-4499-B02E-7B382878F206}"
EndProject
Global
	GlobalSection(SolutionConfigurationPlatforms) = preSolution
		Debug|Any CPU = Debug|Any CPU
		Release|Any CPU = Release|Any CPU
	EndGlobalSection
	GlobalSection(ProjectConfigurationPlatforms) = postSolution
		{FA4D659C-AC21-4E40-ACC4-31C2C7944E32}.Debug|Any CPU.ActiveCfg = Debug|Any CPU
		{FA4D659C-AC21-4E40-ACC4-31C2C7944E32}.Debug|Any CPU.Build.0 = Debug|Any CPU
		{FA4D659C-AC21-4E40-ACC4-31C2C7944E32}.Release|Any CPU.ActiveCfg = Release|Any CPU
		{FA4D659C-AC21-4E40-ACC4-31C2C7944E32}.Release|Any CPU.Build.0 = Release|Any CPU
		{4E072B8F-81E7-4D07-B25D-E5BCAAACF98C}.Debug|Any CPU.ActiveCfg = Debug|Any CPU
		{4E072B8F-81E7-4D07-B25D-E5BCAAACF98C}.Debug|Any CPU.Build.0 = Debug|Any CPU
		{4E072B8F-81E7-4D07-B25D-E5BCAAACF98C}.Release|Any CPU.ActiveCfg = Release|Any CPU
		{4E072B8F-81E7-4D07-B25D-E5BCAAACF98C}.Release|Any CPU.Build.0 = Release|Any CPU
		{81DDED9D-158B-E303-5F62-77A2896D2A5A}.Debug|Any CPU.ActiveCfg = Debug|Any CPU
		{81DDED9D-158B-E303-5F62-77A2896D2A5A}.Debug|Any CPU.Build.0 = Debug|Any CPU
		{81DDED9D-158B-E303-5F62-77A2896D2A5A}.Release|Any CPU.ActiveCfg = Release|Any CPU
		{81DDED9D-158B-E303-5F62-77A2896D2A5A}.Release|Any CPU.Build.0 = Release|Any CPU
		{B002B144-FC66-44C1-876E-9686BBF5DEE1}.Debug|Any CPU.ActiveCfg = Debug|Any CPU
		{B002B144-FC66-44C1-876E-9686BBF5DEE1}.Debug|Any CPU.Build.0 = Debug|Any CPU
		{B002B144-FC66-44C1-876E-9686BBF5DEE1}.Release|Any CPU.ActiveCfg = Release|Any CPU
		{B002B144-FC66-44C1-876E-9686BBF5DEE1}.Release|Any CPU.Build.0 = Release|Any CPU
		{FD0BC391-6855-4398-BC4A-96C6776791C2}.Debug|Any CPU.ActiveCfg = Debug|Any CPU
		{FD0BC391-6855-4398-BC4A-96C6776791C2}.Debug|Any CPU.Build.0 = Debug|Any CPU
		{FD0BC391-6855-4398-BC4A-96C6776791C2}.Release|Any CPU.ActiveCfg = Release|Any CPU
		{FD0BC391-6855-4398-BC4A-96C6776791C2}.Release|Any CPU.Build.0 = Release|Any CPU
		{9EECCE9B-80C5-4B9E-9BCE-198C746266C5}.Debug|Any CPU.ActiveCfg = Debug|Any CPU
		{9EECCE9B-80C5-4B9E-9BCE-198C746266C5}.Debug|Any CPU.Build.0 = Debug|Any CPU
		{9EECCE9B-80C5-4B9E-9BCE-198C746266C5}.Release|Any CPU.ActiveCfg = Release|Any CPU
		{9EECCE9B-80C5-4B9E-9BCE-198C746266C5}.Release|Any CPU.Build.0 = Release|Any CPU
		{0FD4BD81-9A22-44EB-9187-88665B75A2EE}.Debug|Any CPU.ActiveCfg = Debug|Any CPU
		{0FD4BD81-9A22-44EB-9187-88665B75A2EE}.Debug|Any CPU.Build.0 = Debug|Any CPU
		{0FD4BD81-9A22-44EB-9187-88665B75A2EE}.Release|Any CPU.ActiveCfg = Release|Any CPU
		{0FD4BD81-9A22-44EB-9187-88665B75A2EE}.Release|Any CPU.Build.0 = Release|Any CPU
		{9777F0EF-1015-4EC4-9CB4-430899CF34E7}.Debug|Any CPU.ActiveCfg = Debug|Any CPU
		{9777F0EF-1015-4EC4-9CB4-430899CF34E7}.Debug|Any CPU.Build.0 = Debug|Any CPU
		{9777F0EF-1015-4EC4-9CB4-430899CF34E7}.Release|Any CPU.ActiveCfg = Release|Any CPU
		{9777F0EF-1015-4EC4-9CB4-430899CF34E7}.Release|Any CPU.Build.0 = Release|Any CPU
		{8B47FA29-517C-4A4C-9889-1B0C9B7597C7}.Debug|Any CPU.ActiveCfg = Debug|Any CPU
		{8B47FA29-517C-4A4C-9889-1B0C9B7597C7}.Debug|Any CPU.Build.0 = Debug|Any CPU
		{8B47FA29-517C-4A4C-9889-1B0C9B7597C7}.Release|Any CPU.ActiveCfg = Release|Any CPU
		{8B47FA29-517C-4A4C-9889-1B0C9B7597C7}.Release|Any CPU.Build.0 = Release|Any CPU
		{A36F968E-5C9C-4499-B02E-7B382878F206}.Debug|Any CPU.ActiveCfg = Debug|Any CPU
		{A36F968E-5C9C-4499-B02E-7B382878F206}.Debug|Any CPU.Build.0 = Debug|Any CPU
		{A36F968E-5C9C-4499-B02E-7B382878F206}.Release|Any CPU.ActiveCfg = Release|Any CPU
		{A36F968E-5C9C-4499-B02E-7B382878F206}.Release|Any CPU.Build.0 = Release|Any CPU
	EndGlobalSection
	GlobalSection(SolutionProperties) = preSolution
		HideSolutionNode = FALSE
	EndGlobalSection
	GlobalSection(NestedProjects) = preSolution
		{AAB307B6-6B29-49B3-A479-697D0D8153EE} = {02EA681E-C7D8-13C7-8484-4AC65E1B71E8}
		{FA4D659C-AC21-4E40-ACC4-31C2C7944E32} = {AAB307B6-6B29-49B3-A479-697D0D8153EE}
		{4E072B8F-81E7-4D07-B25D-E5BCAAACF98C} = {E2D55608-F5B2-46A7-AB13-3A35D776D596}
		{4A6921FE-1156-4920-A19C-D8A2288D4227} = {02EA681E-C7D8-13C7-8484-4AC65E1B71E8}
		{B002B144-FC66-44C1-876E-9686BBF5DEE1} = {4A6921FE-1156-4920-A19C-D8A2288D4227}
		{C3493F06-5E05-4D54-8AD1-D8E500780FEF} = {02EA681E-C7D8-13C7-8484-4AC65E1B71E8}
		{FD0BC391-6855-4398-BC4A-96C6776791C2} = {C3493F06-5E05-4D54-8AD1-D8E500780FEF}
		{ABE0AE47-389D-4366-B531-C2303EEAB36C} = {02EA681E-C7D8-13C7-8484-4AC65E1B71E8}
		{9EECCE9B-80C5-4B9E-9BCE-198C746266C5} = {ABE0AE47-389D-4366-B531-C2303EEAB36C}
		{0FD4BD81-9A22-44EB-9187-88665B75A2EE} = {ABE0AE47-389D-4366-B531-C2303EEAB36C}
		{9777F0EF-1015-4EC4-9CB4-430899CF34E7} = {ABE0AE47-389D-4366-B531-C2303EEAB36C}
		{8B47FA29-517C-4A4C-9889-1B0C9B7597C7} = {ABE0AE47-389D-4366-B531-C2303EEAB36C}
		{A36F968E-5C9C-4499-B02E-7B382878F206} = {E2D55608-F5B2-46A7-AB13-3A35D776D596}
	EndGlobalSection
	GlobalSection(ExtensibilityGlobals) = postSolution
		SolutionGuid = {1279B528-64F3-40F5-8A39-00848CB8DED9}
	EndGlobalSection
EndGlobal
